
Microsoft Visual Studio Solution File, Format Version 12.00
# Visual Studio Version 17
VisualStudioVersion = 17.2.32630.192
MinimumVisualStudioVersion = 10.0.40219.1
Project("{2150E333-8FDC-42A3-9474-1A3956D46DE8}") = "src", "src", "{07BF30B5-2108-4D52-9040-DE52B38B551D}"
EndProject
Project("{2150E333-8FDC-42A3-9474-1A3956D46DE8}") = "tests", "tests", "{909A84A2-636E-4888-B160-EA95E02310FA}"
EndProject
Project("{2150E333-8FDC-42A3-9474-1A3956D46DE8}") = "API", "API", "{5A968427-0DDB-47D7-B76B-51A9D3E7B57E}"
EndProject
Project("{2150E333-8FDC-42A3-9474-1A3956D46DE8}") = "Infrastructure", "Infrastructure", "{4DFB70A2-EC76-40EC-9D89-2EEFE14870B7}"
EndProject
Project("{2150E333-8FDC-42A3-9474-1A3956D46DE8}") = "Core", "Core", "{7D04EB23-5158-4048-81D3-BFE3D8F1FB8C}"
EndProject
Project("{2150E333-8FDC-42A3-9474-1A3956D46DE8}") = "UI", "UI", "{F81F91F0-567A-4395-A135-2BEA37A88D71}"
EndProject
Project("{9A19103F-16F7-4668-BE54-9A1E7A4F7556}") = "TodoManagement.Domains", "TodoManagement.Domains\TodoManagement.Domains.csproj", "{D94973B9-B30C-4114-8C79-A9EA7FE771B0}"
EndProject
Project("{9A19103F-16F7-4668-BE54-9A1E7A4F7556}") = "TodoManagement.Appliaction", "TodoManagement.Appliaction\TodoManagement.Appliaction.csproj", "{21DE4562-2920-4626-B731-EFF55FF67B91}"
EndProject
Project("{9A19103F-16F7-4668-BE54-9A1E7A4F7556}") = "TodoManagement.Persistence", "TodoManagement.Persistence\TodoManagement.Persistence.csproj", "{D0DF22CD-2BA0-4663-8E60-C8180C1A708A}"
EndProject
Project("{9A19103F-16F7-4668-BE54-9A1E7A4F7556}") = "TodoManagment.API", "TodoManagment.API\TodoManagment.API.csproj", "{EC3348E6-E82A-40C5-B5B5-FBEC753518DB}"
EndProject
Project("{9A19103F-16F7-4668-BE54-9A1E7A4F7556}") = "TodoManagment.UI", "TodoManagment.UI\TodoManagment.UI.csproj", "{2714DA8B-3B0F-47B6-B165-4BE46AD8C3F5}"
EndProject
Project("{FAE04EC0-301F-11D3-BF4B-00C04F79EFBC}") = "TodoManagment.Application.Test", "TodoManagment.Application.Test\TodoManagment.Application.Test.csproj", "{78050D20-C5D8-411B-8963-4577C417F519}"
EndProject
Global
	GlobalSection(SolutionConfigurationPlatforms) = preSolution
		Debug|Any CPU = Debug|Any CPU
		Release|Any CPU = Release|Any CPU
	EndGlobalSection
	GlobalSection(ProjectConfigurationPlatforms) = postSolution
		{D94973B9-B30C-4114-8C79-A9EA7FE771B0}.Debug|Any CPU.ActiveCfg = Debug|Any CPU
		{D94973B9-B30C-4114-8C79-A9EA7FE771B0}.Debug|Any CPU.Build.0 = Debug|Any CPU
		{D94973B9-B30C-4114-8C79-A9EA7FE771B0}.Release|Any CPU.ActiveCfg = Release|Any CPU
		{D94973B9-B30C-4114-8C79-A9EA7FE771B0}.Release|Any CPU.Build.0 = Release|Any CPU
		{21DE4562-2920-4626-B731-EFF55FF67B91}.Debug|Any CPU.ActiveCfg = Debug|Any CPU
		{21DE4562-2920-4626-B731-EFF55FF67B91}.Debug|Any CPU.Build.0 = Debug|Any CPU
		{21DE4562-2920-4626-B731-EFF55FF67B91}.Release|Any CPU.ActiveCfg = Release|Any CPU
		{21DE4562-2920-4626-B731-EFF55FF67B91}.Release|Any CPU.Build.0 = Release|Any CPU
		{D0DF22CD-2BA0-4663-8E60-C8180C1A708A}.Debug|Any CPU.ActiveCfg = Debug|Any CPU
		{D0DF22CD-2BA0-4663-8E60-C8180C1A708A}.Debug|Any CPU.Build.0 = Debug|Any CPU
		{D0DF22CD-2BA0-4663-8E60-C8180C1A708A}.Release|Any CPU.ActiveCfg = Release|Any CPU
		{D0DF22CD-2BA0-4663-8E60-C8180C1A708A}.Release|Any CPU.Build.0 = Release|Any CPU
		{EC3348E6-E82A-40C5-B5B5-FBEC753518DB}.Debug|Any CPU.ActiveCfg = Debug|Any CPU
		{EC3348E6-E82A-40C5-B5B5-FBEC753518DB}.Debug|Any CPU.Build.0 = Debug|Any CPU
		{EC3348E6-E82A-40C5-B5B5-FBEC753518DB}.Release|Any CPU.ActiveCfg = Release|Any CPU
		{EC3348E6-E82A-40C5-B5B5-FBEC753518DB}.Release|Any CPU.Build.0 = Release|Any CPU
		{2714DA8B-3B0F-47B6-B165-4BE46AD8C3F5}.Debug|Any CPU.ActiveCfg = Debug|Any CPU
		{2714DA8B-3B0F-47B6-B165-4BE46AD8C3F5}.Debug|Any CPU.Build.0 = Debug|Any CPU
		{2714DA8B-3B0F-47B6-B165-4BE46AD8C3F5}.Release|Any CPU.ActiveCfg = Release|Any CPU
		{2714DA8B-3B0F-47B6-B165-4BE46AD8C3F5}.Release|Any CPU.Build.0 = Release|Any CPU
		{78050D20-C5D8-411B-8963-4577C417F519}.Debug|Any CPU.ActiveCfg = Debug|Any CPU
		{78050D20-C5D8-411B-8963-4577C417F519}.Debug|Any CPU.Build.0 = Debug|Any CPU
		{78050D20-C5D8-411B-8963-4577C417F519}.Release|Any CPU.ActiveCfg = Release|Any CPU
		{78050D20-C5D8-411B-8963-4577C417F519}.Release|Any CPU.Build.0 = Release|Any CPU
	EndGlobalSection
	GlobalSection(SolutionProperties) = preSolution
		HideSolutionNode = FALSE
	EndGlobalSection
	GlobalSection(NestedProjects) = preSolution
		{5A968427-0DDB-47D7-B76B-51A9D3E7B57E} = {07BF30B5-2108-4D52-9040-DE52B38B551D}
		{4DFB70A2-EC76-40EC-9D89-2EEFE14870B7} = {07BF30B5-2108-4D52-9040-DE52B38B551D}
		{7D04EB23-5158-4048-81D3-BFE3D8F1FB8C} = {07BF30B5-2108-4D52-9040-DE52B38B551D}
		{F81F91F0-567A-4395-A135-2BEA37A88D71} = {07BF30B5-2108-4D52-9040-DE52B38B551D}
		{D94973B9-B30C-4114-8C79-A9EA7FE771B0} = {7D04EB23-5158-4048-81D3-BFE3D8F1FB8C}
		{21DE4562-2920-4626-B731-EFF55FF67B91} = {7D04EB23-5158-4048-81D3-BFE3D8F1FB8C}
		{D0DF22CD-2BA0-4663-8E60-C8180C1A708A} = {4DFB70A2-EC76-40EC-9D89-2EEFE14870B7}
		{EC3348E6-E82A-40C5-B5B5-FBEC753518DB} = {5A968427-0DDB-47D7-B76B-51A9D3E7B57E}
		{2714DA8B-3B0F-47B6-B165-4BE46AD8C3F5} = {F81F91F0-567A-4395-A135-2BEA37A88D71}
		{78050D20-C5D8-411B-8963-4577C417F519} = {909A84A2-636E-4888-B160-EA95E02310FA}
	EndGlobalSection
	GlobalSection(ExtensibilityGlobals) = postSolution
		SolutionGuid = {755EB82D-FB8B-4754-B83D-45917438AFEC}
	EndGlobalSection
EndGlobal
